Microsoft Visual Studio Solution File, Format Version 12.00
# Visual Studio 15
VisualStudioVersion = 15.0.27130.2003
MinimumVisualStudioVersion = 10.0.40219.1
Project("{2150E333-8FDC-42A3-9474-1A3956D46DE8}") = "src", "src", "{E0F1E689-849B-4242-B589-7335B2412440}"
EndProject
Project("{2150E333-8FDC-42A3-9474-1A3956D46DE8}") = "Solution Items", "Solution Items", "{413B812D-4F81-4AD5-8F7D-623E92AB2A4B}"
	ProjectSection(SolutionItems) = preProject
		Dockerfile = Dockerfile
		linux-build.sh = linux-build.sh
		README.md = README.md
	EndProjectSection
EndProject
Project("{9A19103F-16F7-4668-BE54-9A1E7A4F7556}") = "ArkNotifications", "src\ArkNotifications\ArkNotifications.csproj", "{68CE15A9-A850-4F3A-9E51-FD8AF6A2F0D0}"
EndProject
Global
	GlobalSection(SolutionConfigurationPlatforms) = preSolution
		Debug|Any CPU = Debug|Any CPU
		Release|Any CPU = Release|Any CPU
	EndGlobalSection
	GlobalSection(ProjectConfigurationPlatforms) = postSolution
		{68CE15A9-A850-4F3A-9E51-FD8AF6A2F0D0}.Debug|Any CPU.ActiveCfg = Debug|Any CPU
		{68CE15A9-A850-4F3A-9E51-FD8AF6A2F0D0}.Debug|Any CPU.Build.0 = Debug|Any CPU
		{68CE15A9-A850-4F3A-9E51-FD8AF6A2F0D0}.Release|Any CPU.ActiveCfg = Release|Any CPU
		{68CE15A9-A850-4F3A-9E51-FD8AF6A2F0D0}.Release|Any CPU.Build.0 = Release|Any CPU
	EndGlobalSection
	GlobalSection(SolutionProperties) = preSolution
		HideSolutionNode = FALSE
	EndGlobalSection
	GlobalSection(NestedProjects) = preSolution
		{68CE15A9-A850-4F3A-9E51-FD8AF6A2F0D0} = {E0F1E689-849B-4242-B589-7335B2412440}
	EndGlobalSection
	GlobalSection(ExtensibilityGlobals) = postSolution
		SolutionGuid = {B6688B87-6160-4D6D-9D7D-525ECB46CFAF}
	EndGlobalSection
EndGlobal
